// !$*UTF8*$!
{
	archiveVersion = 1;
	classes = {
	};
	objectVersion = 46;
	objects = {

/* Begin PBXBuildFile section */
		4FC91D97196A1D3600242C00 /* Foundation.framework in Frameworks */ = {isa = PBXBuildFile; fileRef = 4FC91D96196A1D3600242C00 /* Foundation.framework */; };
		4FC91D99196A1D3600242C00 /* CoreGraphics.framework in Frameworks */ = {isa = PBXBuildFile; fileRef = 4FC91D98196A1D3600242C00 /* CoreGraphics.framework */; };
		4FC91D9B196A1D3600242C00 /* UIKit.framework in Frameworks */ = {isa = PBXBuildFile; fileRef = 4FC91D9A196A1D3600242C00 /* UIKit.framework */; };
		4FC91DA1196A1D3600242C00 /* InfoPlist.strings in Resources */ = {isa = PBXBuildFile; fileRef = 4FC91D9F196A1D3600242C00 /* InfoPlist.strings */; };
		4FC91DA3196A1D3600242C00 /* main.m in Sources */ = {isa = PBXBuildFile; fileRef = 4FC91DA2196A1D3600242C00 /* main.m */; };
		4FC91DA7196A1D3600242C00 /* AppDelegate.m in Sources */ = {isa = PBXBuildFile; fileRef = 4FC91DA6196A1D3600242C00 /* AppDelegate.m */; };
		4FC91DA9196A1D3600242C00 /* Images.xcassets in Resources */ = {isa = PBXBuildFile; fileRef = 4FC91DA8196A1D3600242C00 /* Images.xcassets */; };
		4FC91DB0196A1D3600242C00 /* XCTest.framework in Frameworks */ = {isa = PBXBuildFile; fileRef = 4FC91DAF196A1D3600242C00 /* XCTest.framework */; };
		4FC91DB1196A1D3600242C00 /* Foundation.framework in Frameworks */ = {isa = PBXBuildFile; fileRef = 4FC91D96196A1D3600242C00 /* Foundation.framework */; };
		4FC91DB2196A1D3600242C00 /* UIKit.framework in Frameworks */ = {isa = PBXBuildFile; fileRef = 4FC91D9A196A1D3600242C00 /* UIKit.framework */; };
		4FC91DBA196A1D3600242C00 /* InfoPlist.strings in Resources */ = {isa = PBXBuildFile; fileRef = 4FC91DB8196A1D3600242C00 /* InfoPlist.strings */; };
		4FC91DBC196A1D3600242C00 /* SampleRssReaderTests.m in Sources */ = {isa = PBXBuildFile; fileRef = 4FC91DBB196A1D3600242C00 /* SampleRssReaderTests.m */; };
		4FC91DC7196A1D4500242C00 /* RootViewController.m in Sources */ = {isa = PBXBuildFile; fileRef = 4FC91DC6196A1D4500242C00 /* RootViewController.m */; };
		4FC91DCA196A1E5C00242C00 /* FeedParser.m in Sources */ = {isa = PBXBuildFile; fileRef = 4FC91DC9196A1E5C00242C00 /* FeedParser.m */; };
		4FC91DCD196A203D00242C00 /* WebViewController.m in Sources */ = {isa = PBXBuildFile; fileRef = 4FC91DCC196A203D00242C00 /* WebViewController.m */; };
/* End PBXBuildFile section */

/* Begin PBXContainerItemProxy section */
		4FC91DB3196A1D3600242C00 /* PBXContainerItemProxy */ = {
			isa = PBXContainerItemProxy;
			containerPortal = 4FC91D8B196A1D3600242C00 /* Project object */;
			proxyType = 1;
			remoteGlobalIDString = 4FC91D92196A1D3600242C00;
			remoteInfo = SampleRssReader;
		};
/* End PBXContainerItemProxy section */

/* Begin PBXFileReference section */
		4FC91D93196A1D3600242C00 /* SampleRssReader.app */ = {isa = PBXFileReference; explicitFileType = wrapper.application; includeInIndex = 0; path = SampleRssReader.app; sourceTree = BUILT_PRODUCTS_DIR; };
		4FC91D96196A1D3600242C00 /* Foundation.framework */ = {isa = PBXFileReference; lastKnownFileType = wrapper.framework; name = Foundation.framework; path = System/Library/Frameworks/Foundation.framework; sourceTree = SDKROOT; };
		4FC91D98196A1D3600242C00 /* CoreGraphics.framework */ = {isa = PBXFileReference; lastKnownFileType = wrapper.framework; name = CoreGraphics.framework; path = System/Library/Frameworks/CoreGraphics.framework; sourceTree = SDKROOT; };
		4FC91D9A196A1D3600242C00 /* UIKit.framework */ = {isa = PBXFileReference; lastKnownFileType = wrapper.framework; name = UIKit.framework; path = System/Library/Frameworks/UIKit.framework; sourceTree = SDKROOT; };
		4FC91D9E196A1D3600242C00 /* SampleRssReader-Info.plist */ = {isa = PBXFileReference; lastKnownFileType = text.plist.xml; path = "SampleRssReader-Info.plist"; sourceTree = "<group>"; };
		4FC91DA0196A1D3600242C00 /* en */ = {isa = PBXFileReference; lastKnownFileType = text.plist.strings; name = en; path = en.lproj/InfoPlist.strings; sourceTree = "<group>"; };
		4FC91DA2196A1D3600242C00 /* main.m */ = {isa = PBXFileReference; lastKnownFileType = sourcecode.c.objc; path = main.m; sourceTree = "<group>"; };
		4FC91DA4196A1D3600242C00 /* SampleRssReader-Prefix.pch */ = {isa = PBXFileReference; lastKnownFileType = sourcecode.c.h; path = "SampleRssReader-Prefix.pch"; sourceTree = "<group>"; };
		4FC91DA5196A1D3600242C00 /* AppDelegate.h */ = {isa = PBXFileReference; lastKnownFileType = sourcecode.c.h; path = AppDelegate.h; sourceTree = "<group>"; };
		4FC91DA6196A1D3600242C00 /* AppDelegate.m */ = {isa = PBXFileReference; lastKnownFileType = sourcecode.c.objc; path = AppDelegate.m; sourceTree = "<group>"; };
		4FC91DA8196A1D3600242C00 /* Images.xcassets */ = {isa = PBXFileReference; lastKnownFileType = folder.assetcatalog; path = Images.xcassets; sourceTree = "<group>"; };
		4FC91DAE196A1D3600242C00 /* SampleRssReaderTests.xctest */ = {isa = PBXFileReference; explicitFileType = wrapper.cfbundle; includeInIndex = 0; path = SampleRssReaderTests.xctest; sourceTree = BUILT_PRODUCTS_DIR; };
		4FC91DAF196A1D3600242C00 /* XCTest.framework */ = {isa = PBXFileReference; lastKnownFileType = wrapper.framework; name = XCTest.framework; path = Library/Frameworks/XCTest.framework; sourceTree = DEVELOPER_DIR; };
		4FC91DB7196A1D3600242C00 /* SampleRssReaderTests-Info.plist */ = {isa = PBXFileReference; lastKnownFileType = text.plist.xml; path = "SampleRssReaderTests-Info.plist"; sourceTree = "<group>"; };
		4FC91DB9196A1D3600242C00 /* en */ = {isa = PBXFileReference; lastKnownFileType = text.plist.strings; name = en; path = en.lproj/InfoPlist.strings; sourceTree = "<group>"; };
		4FC91DBB196A1D3600242C00 /* SampleRssReaderTests.m */ = {isa = PBXFileReference; lastKnownFileType = sourcecode.c.objc; path = SampleRssReaderTests.m; sourceTree = "<group>"; };
		4FC91DC5196A1D4500242C00 /* RootViewController.h */ = {isa = PBXFileReference; fileEncoding = 4; lastKnownFileType = sourcecode.c.h; path = RootViewController.h; sourceTree = "<group>"; };
		4FC91DC6196A1D4500242C00 /* RootViewController.m */ = {isa = PBXFileReference; fileEncoding = 4; lastKnownFileType = sourcecode.c.objc; path = RootViewController.m; sourceTree = "<group>"; };
		4FC91DC8196A1E5C00242C00 /* FeedParser.h */ = {isa = PBXFileReference; fileEncoding = 4; lastKnownFileType = sourcecode.c.h; path = FeedParser.h; sourceTree = "<group>"; };
		4FC91DC9196A1E5C00242C00 /* FeedParser.m */ = {isa = PBXFileReference; fileEncoding = 4; lastKnownFileType = sourcecode.c.objc; path = FeedParser.m; sourceTree = "<group>"; };
		4FC91DCB196A203D00242C00 /* WebViewController.h */ = {isa = PBXFileReference; fileEncoding = 4; lastKnownFileType = sourcecode.c.h; path = WebViewController.h; sourceTree = "<group>"; };
		4FC91DCC196A203D00242C00 /* WebViewController.m */ = {isa = PBXFileReference; fileEncoding = 4; lastKnownFileType = sourcecode.c.objc; path = WebViewController.m; sourceTree = "<group>"; };
/* End PBXFileReference section */

/* Begin PBXFrameworksBuildPhase section */
		4FC91D90196A1D3600242C00 /* Frameworks */ = {
			isa = PBXFrameworksBuildPhase;
			buildActionMask = 2147483647;
			files = (
				4FC91D99196A1D3600242C00 /* CoreGraphics.framework in Frameworks */,
				4FC91D9B196A1D3600242C00 /* UIKit.framework in Frameworks */,
				4FC91D97196A1D3600242C00 /* Foundation.framework in Frameworks */,
			);
			runOnlyForDeploymentPostprocessing = 0;
		};
		4FC91DAB196A1D3600242C00 /* Frameworks */ = {
			isa = PBXFrameworksBuildPhase;
			buildActionMask = 2147483647;
			files = (
				4FC91DB0196A1D3600242C00 /* XCTest.framework in Frameworks */,
				4FC91DB2196A1D3600242C00 /* UIKit.framework in Frameworks */,
				4FC91DB1196A1D3600242C00 /* Foundation.framework in Frameworks */,
			);
			runOnlyForDeploymentPostprocessing = 0;
		};
/* End PBXFrameworksBuildPhase section */

/* Begin PBXGroup section */
		4FC91D8A196A1D3600242C00 = {
			isa = PBXGroup;
			children = (
				4FC91D9C196A1D3600242C00 /* SampleRssReader */,
				4FC91DB5196A1D3600242C00 /* SampleRssReaderTests */,
				4FC91D95196A1D3600242C00 /* Frameworks */,
				4FC91D94196A1D3600242C00 /* Products */,
			);
			sourceTree = "<group>";
		};
		4FC91D94196A1D3600242C00 /* Products */ = {
			isa = PBXGroup;
			children = (
				4FC91D93196A1D3600242C00 /* SampleRssReader.app */,
				4FC91DAE196A1D3600242C00 /* SampleRssReaderTests.xctest */,
			);
			name = Products;
			sourceTree = "<group>";
		};
		4FC91D95196A1D3600242C00 /* Frameworks */ = {
			isa = PBXGroup;
			children = (
				4FC91D96196A1D3600242C00 /* Foundation.framework */,
				4FC91D98196A1D3600242C00 /* CoreGraphics.framework */,
				4FC91D9A196A1D3600242C00 /* UIKit.framework */,
				4FC91DAF196A1D3600242C00 /* XCTest.framework */,
			);
			name = Frameworks;
			sourceTree = "<group>";
		};
		4FC91D9C196A1D3600242C00 /* SampleRssReader */ = {
			isa = PBXGroup;
			children = (
				4FC91DA5196A1D3600242C00 /* AppDelegate.h */,
				4FC91DA6196A1D3600242C00 /* AppDelegate.m */,
				4FC91DA8196A1D3600242C00 /* Images.xcassets */,
				4FC91D9D196A1D3600242C00 /* Supporting Files */,
				4FC91DC5196A1D4500242C00 /* RootViewController.h */,
				4FC91DC6196A1D4500242C00 /* RootViewController.m */,
				4FC91DC8196A1E5C00242C00 /* FeedParser.h */,
				4FC91DC9196A1E5C00242C00 /* FeedParser.m */,
				4FC91DCB196A203D00242C00 /* WebViewController.h */,
				4FC91DCC196A203D00242C00 /* WebViewController.m */,
			);
			path = SampleRssReader;
			sourceTree = "<group>";
		};
		4FC91D9D196A1D3600242C00 /* Supporting Files */ = {
			isa = PBXGroup;
			children = (
				4FC91D9E196A1D3600242C00 /* SampleRssReader-Info.plist */,
				4FC91D9F196A1D3600242C00 /* InfoPlist.strings */,
				4FC91DA2196A1D3600242C00 /* main.m */,
				4FC91DA4196A1D3600242C00 /* SampleRssReader-Prefix.pch */,
			);
			name = "Supporting Files";
			sourceTree = "<group>";
		};
		4FC91DB5196A1D3600242C00 /* SampleRssReaderTests */ = {
			isa = PBXGroup;
			children = (
				4FC91DBB196A1D3600242C00 /* SampleRssReaderTests.m */,
				4FC91DB6196A1D3600242C00 /* Supporting Files */,
			);
			path = SampleRssReaderTests;
			sourceTree = "<group>";
		};
		4FC91DB6196A1D3600242C00 /* Supporting Files */ = {
			isa = PBXGroup;
			children = (
				4FC91DB7196A1D3600242C00 /* SampleRssReaderTests-Info.plist */,
				4FC91DB8196A1D3600242C00 /* InfoPlist.strings */,
			);
			name = "Supporting Files";
			sourceTree = "<group>";
		};
/* End PBXGroup section */

/* Begin PBXNativeTarget section */
		4FC91D92196A1D3600242C00 /* SampleRssReader */ = {
			isa = PBXNativeTarget;
			buildConfigurationList = 4FC91DBF196A1D3700242C00 /* Build configuration list for PBXNativeTarget "SampleRssReader" */;
			buildPhases = (
				4FC91D8F196A1D3600242C00 /* Sources */,
				4FC91D90196A1D3600242C00 /* Frameworks */,
				4FC91D91196A1D3600242C00 /* Resources */,
			);
			buildRules = (
			);
			dependencies = (
			);
			name = SampleRssReader;
			productName = SampleRssReader;
			productReference = 4FC91D93196A1D3600242C00 /* SampleRssReader.app */;
			productType = "com.apple.product-type.application";
		};
		4FC91DAD196A1D3600242C00 /* SampleRssReaderTests */ = {
			isa = PBXNativeTarget;
			buildConfigurationList = 4FC91DC2196A1D3700242C00 /* Build configuration list for PBXNativeTarget "SampleRssReaderTests" */;
			buildPhases = (
				4FC91DAA196A1D3600242C00 /* Sources */,
				4FC91DAB196A1D3600242C00 /* Frameworks */,
				4FC91DAC196A1D3600242C00 /* Resources */,
			);
			buildRules = (
			);
			dependencies = (
				4FC91DB4196A1D3600242C00 /* PBXTargetDependency */,
			);
			name = SampleRssReaderTests;
			productName = SampleRssReaderTests;
			productReference = 4FC91DAE196A1D3600242C00 /* SampleRssReaderTests.xctest */;
			productType = "com.apple.product-type.bundle.unit-test";
		};
/* End PBXNativeTarget section */

/* Begin PBXProject section */
		4FC91D8B196A1D3600242C00 /* Project object */ = {
			isa = PBXProject;
			attributes = {
				LastUpgradeCheck = 0510;
				ORGANIZATIONNAME = ATGS;
				TargetAttributes = {
					4FC91DAD196A1D3600242C00 = {
						TestTargetID = 4FC91D92196A1D3600242C00;
					};
				};
			};
			buildConfigurationList = 4FC91D8E196A1D3600242C00 /* Build configuration list for PBXProject "SampleRssReader" */;
			compatibilityVersion = "Xcode 3.2";
			developmentRegion = English;
			hasScannedForEncodings = 0;
			knownRegions = (
				en,
			);
			mainGroup = 4FC91D8A196A1D3600242C00;
			productRefGroup = 4FC91D94196A1D3600242C00 /* Products */;
			projectDirPath = "";
			projectRoot = "";
			targets = (
				4FC91D92196A1D3600242C00 /* SampleRssReader */,
				4FC91DAD196A1D3600242C00 /* SampleRssReaderTests */,
			);
		};
/* End PBXProject section */

/* Begin PBXResourcesBuildPhase section */
		4FC91D91196A1D3600242C00 /* Resources */ = {
			isa = PBXResourcesBuildPhase;
			buildActionMask = 2147483647;
			files = (
				4FC91DA1196A1D3600242C00 /* InfoPlist.strings in Resources */,
				4FC91DA9196A1D3600242C00 /* Images.xcassets in Resources */,
			);
			runOnlyForDeploymentPostprocessing = 0;
		};
		4FC91DAC196A1D3600242C00 /* Resources */ = {
			isa = PBXResourcesBuildPhase;
			buildActionMask = 2147483647;
			files = (
				4FC91DBA196A1D3600242C00 /* InfoPlist.strings in Resources */,
			);
			runOnlyForDeploymentPostprocessing = 0;
		};
/* End PBXResourcesBuildPhase section */

/* Begin PBXSourcesBuildPhase section */
		4FC91D8F196A1D3600242C00 /* Sources */ = {
			isa = PBXSourcesBuildPhase;
			buildActionMask = 2147483647;
			files = (
				4FC91DCA196A1E5C00242C00 /* FeedParser.m in Sources */,
				4FC91DCD196A203D00242C00 /* WebViewController.m in Sources */,
				4FC91DA7196A1D3600242C00 /* AppDelegate.m in Sources */,
				4FC91DA3196A1D3600242C00 /* main.m in Sources */,
				4FC91DC7196A1D4500242C00 /* RootViewController.m in Sources */,
			);
			runOnlyForDeploymentPostprocessing = 0;
		};
		4FC91DAA196A1D3600242C00 /* Sources */ = {
			isa = PBXSourcesBuildPhase;
			buildActionMask = 2147483647;
			files = (
				4FC91DBC196A1D3600242C00 /* SampleRssReaderTests.m in Sources */,
			);
			runOnlyForDeploymentPostprocessing = 0;
		};
/* End PBXSourcesBuildPhase section */

/* Begin PBXTargetDependency section */
		4FC91DB4196A1D3600242C00 /* PBXTargetDependency */ = {
			isa = PBXTargetDependency;
			target = 4FC91D92196A1D3600242C00 /* SampleRssReader */;
			targetProxy = 4FC91DB3196A1D3600242C00 /* PBXContainerItemProxy */;
		};
/* End PBXTargetDependency section */

/* Begin PBXVariantGroup section */
		4FC91D9F196A1D3600242C00 /* InfoPlist.strings */ = {
			isa = PBXVariantGroup;
			children = (
				4FC91DA0196A1D3600242C00 /* en */,
			);
			name = InfoPlist.strings;
			sourceTree = "<group>";
		};
		4FC91DB8196A1D3600242C00 /* InfoPlist.strings */ = {
			isa = PBXVariantGroup;
			children = (
				4FC91DB9196A1D3600242C00 /* en */,
			);
			name = InfoPlist.strings;
			sourceTree = "<group>";
		};
/* End PBXVariantGroup section */

/* Begin XCBuildConfiguration section */
		4FC91DBD196A1D3600242C00 /* Debug */ = {
			isa = XCBuildConfiguration;
			buildSettings = {
				ALWAYS_SEARCH_USER_PATHS = NO;
				CLANG_CXX_LANGUAGE_STANDARD = "gnu++0x";
				CLANG_CXX_LIBRARY = "libc++";
				CLANG_ENABLE_MODULES = YES;
				CLANG_ENABLE_OBJC_ARC = YES;
				CLANG_WARN_BOOL_CONVERSION = YES;
				CLANG_WARN_CONSTANT_CONVERSION = YES;
				CLANG_WARN_DIRECT_OBJC_ISA_USAGE = YES_ERROR;
				CLANG_WARN_EMPTY_BODY = YES;
				CLANG_WARN_ENUM_CONVERSION = YES;
				CLANG_WARN_INT_CONVERSION = YES;
				CLANG_WARN_OBJC_ROOT_CLASS = YES_ERROR;
				CLANG_WARN__DUPLICATE_METHOD_MATCH = YES;
				"CODE_SIGN_IDENTITY[sdk=iphoneos*]" = "iPhone Developer";
				COPY_PHASE_STRIP = NO;
				GCC_C_LANGUAGE_STANDARD = gnu99;
				GCC_DYNAMIC_NO_PIC = NO;
				GCC_OPTIMIZATION_LEVEL = 0;
				GCC_PREPROCESSOR_DEFINITIONS = (
					"DEBUG=1",
					"$(inherited)",
				);
				GCC_SYMBOLS_PRIVATE_EXTERN = NO;
				GCC_WARN_64_TO_32_BIT_CONVERSION = YES;
				GCC_WARN_ABOUT_RETURN_TYPE = YES_ERROR;
				GCC_WARN_UNDECLARED_SELECTOR = YES;
				GCC_WARN_UNINITIALIZED_AUTOS = YES_AGGRESSIVE;
				GCC_WARN_UNUSED_FUNCTION = YES;
				GCC_WARN_UNUSED_VARIABLE = YES;
				IPHONEOS_DEPLOYMENT_TARGET = 7.1;
				ONLY_ACTIVE_ARCH = YES;
				SDKROOT = iphoneos;
				TARGETED_DEVICE_FAMILY = "1,2";
			};
			name = Debug;
		};
		4FC91DBE196A1D3600242C00 /* Release */ = {
			isa = XCBuildConfiguration;
			buildSettings = {
				ALWAYS_SEARCH_USER_PATHS = NO;
				CLANG_CXX_LANGUAGE_STANDARD = "gnu++0x";
				CLANG_CXX_LIBRARY = "libc++";
				CLANG_ENABLE_MODULES = YES;
				CLANG_ENABLE_OBJC_ARC = YES;
				CLANG_WARN_BOOL_CONVERSION = YES;
				CLANG_WARN_CONSTANT_CONVERSION = YES;
				CLANG_WARN_DIRECT_OBJC_ISA_USAGE = YES_ERROR;
				CLANG_WARN_EMPTY_BODY = YES;
				CLANG_WARN_ENUM_CONVERSION = YES;
				CLANG_WARN_INT_CONVERSION = YES;
				CLANG_WARN_OBJC_ROOT_CLASS = YES_ERROR;
				CLANG_WARN__DUPLICATE_METHOD_MATCH = YES;
				"CODE_SIGN_IDENTITY[sdk=iphoneos*]" = "iPhone Developer";
				COPY_PHASE_STRIP = YES;
				ENABLE_NS_ASSERTIONS = NO;
				GCC_C_LANGUAGE_STANDARD = gnu99;
				GCC_WARN_64_TO_32_BIT_CONVERSION = YES;
				GCC_WARN_ABOUT_RETURN_TYPE = YES_ERROR;
				GCC_WARN_UNDECLARED_SELECTOR = YES;
				GCC_WARN_UNINITIALIZED_AUTOS = YES_AGGRESSIVE;
				GCC_WARN_UNUSED_FUNCTION = YES;
				GCC_WARN_UNUSED_VARIABLE = YES;
				IPHONEOS_DEPLOYMENT_TARGET = 7.1;
				SDKROOT = iphoneos;
				TARGETED_DEVICE_FAMILY = "1,2";
				VALIDATE_PRODUCT = YES;
			};
			name = Release;
		};
		4FC91DC0196A1D3700242C00 /* Debug */ = {
			isa = XCBuildConfiguration;
			buildSettings = {
				ASSETCATALOG_COMPILER_APPICON_NAME = AppIcon;
				ASSETCATALOG_COMPILER_LAUNCHIMAGE_NAME = LaunchImage;
				CODE_SIGN_IDENTITY = "iPhone Developer: Ueoka Kazuya (HR8PRRZP8Q)";
				GCC_PRECOMPILE_PREFIX_HEADER = YES;
				GCC_PREFIX_HEADER = "SampleRssReader/SampleRssReader-Prefix.pch";
				INFOPLIST_FILE = "SampleRssReader/SampleRssReader-Info.plist";
				PRODUCT_NAME = "$(TARGET_NAME)";
				WRAPPER_EXTENSION = app;
			};
			name = Debug;
		};
		4FC91DC1196A1D3700242C00 /* Release */ = {
			isa = XCBuildConfiguration;
			buildSettings = {
				ASSETCATALOG_COMPILER_APPICON_NAME = AppIcon;
				ASSETCATALOG_COMPILER_LAUNCHIMAGE_NAME = LaunchImage;
				CODE_SIGN_IDENTITY = "iPhone Developer: Ueoka Kazuya (HR8PRRZP8Q)";
				GCC_PRECOMPILE_PREFIX_HEADER = YES;
				GCC_PREFIX_HEADER = "SampleRssReader/SampleRssReader-Prefix.pch";
				INFOPLIST_FILE = "SampleRssReader/SampleRssReader-Info.plist";
				PRODUCT_NAME = "$(TARGET_NAME)";
				WRAPPER_EXTENSION = app;
			};
			name = Release;
		};
		4FC91DC3196A1D3700242C00 /* Debug */ = {
			isa = XCBuildConfiguration;
			buildSettings = {
				BUNDLE_LOADER = "$(BUILT_PRODUCTS_DIR)/SampleRssReader.app/SampleRssReader";
				FRAMEWORK_SEARCH_PATHS = (
					"$(SDKROOT)/Developer/Library/Frameworks",
					"$(inherited)",
					"$(DEVELOPER_FRAMEWORKS_DIR)",
				);
				GCC_PRECOMPILE_PREFIX_HEADER = YES;
				GCC_PREFIX_HEADER = "SampleRssReader/SampleRssReader-Prefix.pch";
				GCC_PREPROCESSOR_DEFINITIONS = (
					"DEBUG=1",
					"$(inherited)",
				);
				INFOPLIST_FILE = "SampleRssReaderTests/SampleRssReaderTests-Info.plist";
				PRODUCT_NAME = "$(TARGET_NAME)";
				TEST_HOST = "$(BUNDLE_LOADER)";
				WRAPPER_EXTENSION = xctest;
			};
			name = Debug;
		};
		4FC91DC4196A1D3700242C00 /* Release */ = {
			isa = XCBuildConfiguration;
			buildSettings = {
				BUNDLE_LOADER = "$(BUILT_PRODUCTS_DIR)/SampleRssReader.app/SampleRssReader";
				FRAMEWORK_SEARCH_PATHS = (
					"$(SDKROOT)/Developer/Library/Frameworks",
					"$(inherited)",
					"$(DEVELOPER_FRAMEWORKS_DIR)",
				);
				GCC_PRECOMPILE_PREFIX_HEADER = YES;
				GCC_PREFIX_HEADER = "SampleRssReader/SampleRssReader-Prefix.pch";
				INFOPLIST_FILE = "SampleRssReaderTests/SampleRssReaderTests-Info.plist";
				PRODUCT_NAME = "$(TARGET_NAME)";
				TEST_HOST = "$(BUNDLE_LOADER)";
				WRAPPER_EXTENSION = xctest;
			};
			name = Release;
		};
/* End XCBuildConfiguration section */

/* Begin XCConfigurationList section */
		4FC91D8E196A1D3600242C00 /* Build configuration list for PBXProject "SampleRssReader" */ = {
			isa = XCConfigurationList;
			buildConfigurations = (
				4FC91DBD196A1D3600242C00 /* Debug */,
				4FC91DBE196A1D3600242C00 /* Release */,
			);
			defaultConfigurationIsVisible = 0;
			defaultConfigurationName = Release;
		};
		4FC91DBF196A1D3700242C00 /* Build configuration list for PBXNativeTarget "SampleRssReader" */ = {
			isa = XCConfigurationList;
			buildConfigurations = (
				4FC91DC0196A1D3700242C00 /* Debug */,
				4FC91DC1196A1D3700242C00 /* Release */,
			);
			defaultConfigurationIsVisible = 0;
			defaultConfigurationName = Release;
		};
		4FC91DC2196A1D3700242C00 /* Build configuration list for PBXNativeTarget "SampleRssReaderTests" */ = {
			isa = XCConfigurationList;
			buildConfigurations = (
				4FC91DC3196A1D3700242C00 /* Debug */,
				4FC91DC4196A1D3700242C00 /* Release */,
			);
			defaultConfigurationIsVisible = 0;
			defaultConfigurationName = Release;
		};
/* End XCConfigurationList section */
	};
	rootObject = 4FC91D8B196A1D3600242C00 /* Project object */;
}
